
Microsoft Visual Studio Solution File, Format Version 12.00
# Visual Studio Version 17
VisualStudioVersion = 17.14.36623.8
MinimumVisualStudioVersion = 10.0.40219.1
Project("{FAE04EC0-301F-11D3-BF4B-00C04F79EFBC}") = "HabitAPI", "HabitAPI\HabitAPI.csproj", "{31B502BA-6754-4D7B-816E-DDC2E171616E}"
EndProject
Project("{FAE04EC0-301F-11D3-BF4B-00C04F79EFBC}") = "HabitWeb", "HabitWeb\HabitWeb.csproj", "{0AFFA237-410B-4544-8EB7-833DE70DEFFB}"
EndProject
Project("{FAE04EC0-301F-11D3-BF4B-00C04F79EFBC}") = "HabitModels", "HabitModels\HabitModels.csproj", "{D4BDB6A9-B36C-42CB-AE73-A59BF5AE8785}"
EndProject
Global
	GlobalSection(SolutionConfigurationPlatforms) = preSolution
		Debug|Any CPU = Debug|Any CPU
		Release|Any CPU = Release|Any CPU
	EndGlobalSection
	GlobalSection(ProjectConfigurationPlatforms) = postSolution
		{31B502BA-6754-4D7B-816E-DDC2E171616E}.Debug|Any CPU.ActiveCfg = Debug|Any CPU
		{31B502BA-6754-4D7B-816E-DDC2E171616E}.Debug|Any CPU.Build.0 = Debug|Any CPU
		{31B502BA-6754-4D7B-816E-DDC2E171616E}.Release|Any CPU.ActiveCfg = Release|Any CPU
		{31B502BA-6754-4D7B-816E-DDC2E171616E}.Release|Any CPU.Build.0 = Release|Any CPU
		{0AFFA237-410B-4544-8EB7-833DE70DEFFB}.Debug|Any CPU.ActiveCfg = Debug|Any CPU
		{0AFFA237-410B-4544-8EB7-833DE70DEFFB}.Debug|Any CPU.Build.0 = Debug|Any CPU
		{0AFFA237-410B-4544-8EB7-833DE70DEFFB}.Release|Any CPU.ActiveCfg = Release|Any CPU
		{0AFFA237-410B-4544-8EB7-833DE70DEFFB}.Release|Any CPU.Build.0 = Release|Any CPU
		{D4BDB6A9-B36C-42CB-AE73-A59BF5AE8785}.Debug|Any CPU.ActiveCfg = Debug|Any CPU
		{D4BDB6A9-B36C-42CB-AE73-A59BF5AE8785}.Debug|Any CPU.Build.0 = Debug|Any CPU
		{D4BDB6A9-B36C-42CB-AE73-A59BF5AE8785}.Release|Any CPU.ActiveCfg = Release|Any CPU
		{D4BDB6A9-B36C-42CB-AE73-A59BF5AE8785}.Release|Any CPU.Build.0 = Release|Any CPU
	EndGlobalSection
	GlobalSection(SolutionProperties) = preSolution
		HideSolutionNode = FALSE
	EndGlobalSection
	GlobalSection(ExtensibilityGlobals) = postSolution
		SolutionGuid = {AD88C6E8-6E1B-46F2-955A-104980CC144D}
	EndGlobalSection
EndGlobal
